
Microsoft Visual Studio Solution File, Format Version 12.00
# Visual Studio Version 16
VisualStudioVersion = 16.0.29102.190
MinimumVisualStudioVersion = 10.0.40219.1
Project("{FAE04EC0-301F-11D3-BF4B-00C04F79EFBC}") = "durakkartya", "durakkartya.csproj", "{2BAC5FCA-45DB-4C55-9C95-1B850ACB0980}"
EndProject
Global
	GlobalSection(SolutionConfigurationPlatforms) = preSolution
		Debug|Any CPU = Debug|Any CPU
		Release|Any CPU = Release|Any CPU
	EndGlobalSection
	GlobalSection(ProjectConfigurationPlatforms) = postSolution
		{2BAC5FCA-45DB-4C55-9C95-1B850ACB0980}.Debug|Any CPU.ActiveCfg = Debug|Any CPU
		{2BAC5FCA-45DB-4C55-9C95-1B850ACB0980}.Debug|Any CPU.Build.0 = Debug|Any CPU
		{2BAC5FCA-45DB-4C55-9C95-1B850ACB0980}.Release|Any CPU.ActiveCfg = Release|Any CPU
		{2BAC5FCA-45DB-4C55-9C95-1B850ACB0980}.Release|Any CPU.Build.0 = Release|Any CPU
	EndGlobalSection
	GlobalSection(SolutionProperties) = preSolution
		HideSolutionNode = FALSE
	EndGlobalSection
	GlobalSection(ExtensibilityGlobals) = postSolution
		SolutionGuid = {CE677209-1B9D-41DF-8172-C9FAA145D29C}
	EndGlobalSection
EndGlobal
